// !$*UTF8*$!
{
	archiveVersion = 1;
	classes = {
	};
	objectVersion = 46;
	objects = {

/* Begin PBXAggregateTarget section */
		382E217B334C4BE9916664FB /* ALL_BUILD */ = {
			isa = PBXAggregateTarget;
			buildConfigurationList = 787186C065294879966B03DA /* Build configuration list for PBXAggregateTarget "ALL_BUILD" */;
			buildPhases = (
				F7CC9577F55E4335B6A5E6A8 /* CMake Rules */,
			);
			dependencies = (
				AF001203FD93454DB77F9C03 /* PBXTargetDependency */,
				5B1F8355AF764FB3A5BA7C53 /* PBXTargetDependency */,
			);
			name = ALL_BUILD;
			productName = ALL_BUILD;
		};
		3899646570494F43A9220715 /* ZERO_CHECK */ = {
			isa = PBXAggregateTarget;
			buildConfigurationList = E52F4DE4D0A4423EB94FA4BD /* Build configuration list for PBXAggregateTarget "ZERO_CHECK" */;
			buildPhases = (
				2FFE0BC2903342F3BFFC6B86 /* CMake Rules */,
			);
			dependencies = (
			);
			name = ZERO_CHECK;
			productName = ZERO_CHECK;
		};
		FC6BB08B961445ECBF0CE97B /* install */ = {
			isa = PBXAggregateTarget;
			buildConfigurationList = 1F978A1E725047C29AFB651F /* Build configuration list for PBXAggregateTarget "install" */;
			buildPhases = (
				AA30548C94114B229E43E168 /* CMake PostBuild Rules */,
			);
			dependencies = (
				228CA25DB9574F2F90E5D337 /* PBXTargetDependency */,
			);
			name = install;
			productName = install;
		};
/* End PBXAggregateTarget section */

/* Begin PBXBuildFile section */
		917A1CB95AA64E928084AED9 /* /Users/niko/Documents/Courses/C++/Course_C/HelloWorld/src/CMakeLists.txt */ = {isa = PBXBuildFile; fileRef = A5B1302F82A94B76B87B9111 /* /Users/niko/Documents/Courses/C++/Course_C/HelloWorld/src/CMakeLists.txt */; };
		CDE72A7A95D14278AF94FD0E /* /Users/niko/Documents/Courses/C++/Course_C/HelloWorld/src/HelloWorld.cpp */ = {isa = PBXBuildFile; fileRef = A5CBEE75F2B5421E9046D9D6 /* /Users/niko/Documents/Courses/C++/Course_C/HelloWorld/src/HelloWorld.cpp */; };
/* End PBXBuildFile section */

/* Begin PBXBuildStyle section */
		191A64B46E5B45A59949CFD9 /* MinSizeRel */ = {
			isa = PBXBuildStyle;
			buildSettings = {
				COPY_PHASE_STRIP = NO;
			};
			name = MinSizeRel;
		};
		3B24598E1FDA48E1AFA988BE /* RelWithDebInfo */ = {
			isa = PBXBuildStyle;
			buildSettings = {
				COPY_PHASE_STRIP = NO;
			};
			name = RelWithDebInfo;
		};
		795E0948563047E7B53D3E03 /* Release */ = {
			isa = PBXBuildStyle;
			buildSettings = {
				COPY_PHASE_STRIP = NO;
			};
			name = Release;
		};
		A28949F67C4A42CDB2CCC416 /* Debug */ = {
			isa = PBXBuildStyle;
			buildSettings = {
				COPY_PHASE_STRIP = NO;
			};
			name = Debug;
		};
/* End PBXBuildStyle section */

/* Begin PBXContainerItemProxy section */
		4921EF77D7F44FD0B7220E6D /* PBXContainerItemProxy */ = {
			isa = PBXContainerItemProxy;
			containerPortal = FC8E4960CBA54566B5025716 /* Project object */;
			proxyType = 1;
			remoteGlobalIDString = 3899646570494F43A9220715;
			remoteInfo = ZERO_CHECK;
		};
		9F71E00AA4304F309AB1DDE2 /* PBXContainerItemProxy */ = {
			isa = PBXContainerItemProxy;
			containerPortal = FC8E4960CBA54566B5025716 /* Project object */;
			proxyType = 1;
			remoteGlobalIDString = 382E217B334C4BE9916664FB;
			remoteInfo = ALL_BUILD;
		};
		E7A374C856AA435C82736CA7 /* PBXContainerItemProxy */ = {
			isa = PBXContainerItemProxy;
			containerPortal = FC8E4960CBA54566B5025716 /* Project object */;
			proxyType = 1;
			remoteGlobalIDString = 3899646570494F43A9220715;
			remoteInfo = ZERO_CHECK;
		};
		E8C2E6785F8940BE9FF8E41F /* PBXContainerItemProxy */ = {
			isa = PBXContainerItemProxy;
			containerPortal = FC8E4960CBA54566B5025716 /* Project object */;
			proxyType = 1;
			remoteGlobalIDString = 8482296FF7C34BBF8908CCCC;
			remoteInfo = helloWorld;
		};
/* End PBXContainerItemProxy section */

/* Begin PBXFileReference section */
		2AE2E54E526D4DC8A264980A /* helloWorld */ = {isa = PBXFileReference; explicitFileType = "compiled.mach-o.executable"; path = helloWorld; sourceTree = BUILT_PRODUCTS_DIR; };
		9B325CE2FBE24E3784AFB5A8 /* /Users/niko/Documents/Courses/C++/Course_C/HelloWorld/src/CMakeLists.txt */ = {isa = PBXFileReference; explicitFileType = sourcecode.text; fileEncoding = 4; name = CMakeLists.txt; path = CMakeLists.txt; sourceTree = SOURCE_ROOT; };
		A5B1302F82A94B76B87B9111 /* /Users/niko/Documents/Courses/C++/Course_C/HelloWorld/src/CMakeLists.txt */ = {isa = PBXFileReference; explicitFileType = sourcecode.text; fileEncoding = 4; name = CMakeLists.txt; path = CMakeLists.txt; sourceTree = SOURCE_ROOT; };
		A5CBEE75F2B5421E9046D9D6 /* /Users/niko/Documents/Courses/C++/Course_C/HelloWorld/src/HelloWorld.cpp */ = {isa = PBXFileReference; explicitFileType = sourcecode.cpp.cpp; fileEncoding = 4; name = HelloWorld.cpp; path = HelloWorld.cpp; sourceTree = SOURCE_ROOT; };
		B6354B24112A47598F46F552 /* /Users/niko/Documents/Courses/C++/Course_C/HelloWorld/src/CMakeLists.txt */ = {isa = PBXFileReference; explicitFileType = sourcecode.text; fileEncoding = 4; name = CMakeLists.txt; path = CMakeLists.txt; sourceTree = SOURCE_ROOT; };
/* End PBXFileReference section */

/* Begin PBXGroup section */
		1D5BAC6D590B437C89182CF7 /* CMake Rules */ = {
			isa = PBXGroup;
			children = (
			);
			name = "CMake Rules";
			sourceTree = "<group>";
		};
		3CA67318FE0B4A2DA63D8DBF = {
			isa = PBXGroup;
			children = (
				72C5C02385C14F6183FFFEDB /* helloWorld */,
				D99991A8E4BC41C881480E06 /* ALL_BUILD */,
				75FF1A890CB04426AF37072B /* ZERO_CHECK */,
				F82E2C5380884A5FA603392E /* Products */,
			);
			sourceTree = "<group>";
		};
		72C5C02385C14F6183FFFEDB /* helloWorld */ = {
			isa = PBXGroup;
			children = (
				927D92A4DF6B48AD9011070C /* Source Files */,
				A5B1302F82A94B76B87B9111 /* /Users/niko/Documents/Courses/C++/Course_C/HelloWorld/src/CMakeLists.txt */,
			);
			name = helloWorld;
			sourceTree = "<group>";
		};
		75FF1A890CB04426AF37072B /* ZERO_CHECK */ = {
			isa = PBXGroup;
			children = (
				FDA738F3C72B47D9ACB1C6C9 /* CMake Rules */,
				B6354B24112A47598F46F552 /* /Users/niko/Documents/Courses/C++/Course_C/HelloWorld/src/CMakeLists.txt */,
			);
			name = ZERO_CHECK;
			sourceTree = "<group>";
		};
		927D92A4DF6B48AD9011070C /* Source Files */ = {
			isa = PBXGroup;
			children = (
				A5CBEE75F2B5421E9046D9D6 /* /Users/niko/Documents/Courses/C++/Course_C/HelloWorld/src/HelloWorld.cpp */,
			);
			name = "Source Files";
			sourceTree = "<group>";
		};
		D99991A8E4BC41C881480E06 /* ALL_BUILD */ = {
			isa = PBXGroup;
			children = (
				1D5BAC6D590B437C89182CF7 /* CMake Rules */,
				9B325CE2FBE24E3784AFB5A8 /* /Users/niko/Documents/Courses/C++/Course_C/HelloWorld/src/CMakeLists.txt */,
			);
			name = ALL_BUILD;
			sourceTree = "<group>";
		};
		F82E2C5380884A5FA603392E /* Products */ = {
			isa = PBXGroup;
			children = (
				2AE2E54E526D4DC8A264980A /* helloWorld */,
			);
			name = Products;
			sourceTree = "<group>";
		};
		FDA738F3C72B47D9ACB1C6C9 /* CMake Rules */ = {
			isa = PBXGroup;
			children = (
			);
			name = "CMake Rules";
			sourceTree = "<group>";
		};
/* End PBXGroup section */

/* Begin PBXNativeTarget section */
		8482296FF7C34BBF8908CCCC /* helloWorld */ = {
			isa = PBXNativeTarget;
			buildConfigurationList = 2F41B1AD91694E3E8D3DED9A /* Build configuration list for PBXNativeTarget "helloWorld" */;
			buildPhases = (
				FDE3333408E041E0AA89D6E4 /* Sources */,
			);
			buildRules = (
			);
			dependencies = (
				28C6CB4EEB594548AF098AF6 /* PBXTargetDependency */,
			);
			name = helloWorld;
			productName = helloWorld;
			productReference = 2AE2E54E526D4DC8A264980A /* helloWorld */;
			productType = "com.apple.product-type.tool";
		};
/* End PBXNativeTarget section */

/* Begin PBXProject section */
		FC8E4960CBA54566B5025716 /* Project object */ = {
			isa = PBXProject;
			attributes = {
				BuildIndependentTargetsInParallel = YES;
				LastUpgradeCheck = 0830;
			};
			buildConfigurationList = E37833809A324174ACFBE437 /* Build configuration list for PBXProject "HelloWorld" */;
			buildSettings = {
			};
			buildStyles = (
				A28949F67C4A42CDB2CCC416 /* Debug */,
				795E0948563047E7B53D3E03 /* Release */,
				191A64B46E5B45A59949CFD9 /* MinSizeRel */,
				3B24598E1FDA48E1AFA988BE /* RelWithDebInfo */,
			);
			compatibilityVersion = "Xcode 3.2";
			hasScannedForEncodings = 0;
			mainGroup = 3CA67318FE0B4A2DA63D8DBF;
			projectDirPath = src;
			projectRoot = "";
			targets = (
				382E217B334C4BE9916664FB /* ALL_BUILD */,
				3899646570494F43A9220715 /* ZERO_CHECK */,
				8482296FF7C34BBF8908CCCC /* helloWorld */,
				FC6BB08B961445ECBF0CE97B /* install */,
			);
		};
/* End PBXProject section */

/* Begin PBXShellScriptBuildPhase section */
		2FFE0BC2903342F3BFFC6B86 /* CMake Rules */ = {
			isa = PBXShellScriptBuildPhase;
			buildActionMask = 2147483647;
			files = (
			);
			name = "CMake Rules";
			runOnlyForDeploymentPostprocessing = 0;
			shellPath = /bin/sh;
			shellScript = "make -C /Users/niko/Documents/Courses/C++/Course_C/HelloWorld -f /Users/niko/Documents/Courses/C++/Course_C/HelloWorld/CMakeScripts/ZERO_CHECK_cmakeRulesBuildPhase.make$CONFIGURATION all";
			showEnvVarsInLog = 0;
		};
		69429F4021224A42B04E5209 = {
			isa = PBXShellScriptBuildPhase;
			buildActionMask = 2147483647;
			files = (
			);
			inputPaths = (
			);
			outputPaths = (
			);
			runOnlyForDeploymentPostprocessing = 0;
			shellPath = /bin/sh;
			shellScript = "# shell script goes here
exit 0";
			showEnvVarsInLog = 0;
		};
		7078CD03985B46308BC71959 = {
			isa = PBXShellScriptBuildPhase;
			buildActionMask = 2147483647;
			files = (
			);
			inputPaths = (
			);
			outputPaths = (
			);
			runOnlyForDeploymentPostprocessing = 0;
			shellPath = /bin/sh;
			shellScript = "# shell script goes here
exit 0";
			showEnvVarsInLog = 0;
		};
		AA30548C94114B229E43E168 /* CMake PostBuild Rules */ = {
			isa = PBXShellScriptBuildPhase;
			buildActionMask = 2147483647;
			files = (
			);
			name = "CMake PostBuild Rules";
			runOnlyForDeploymentPostprocessing = 0;
			shellPath = /bin/sh;
			shellScript = "make -C /Users/niko/Documents/Courses/C++/Course_C/HelloWorld -f /Users/niko/Documents/Courses/C++/Course_C/HelloWorld/CMakeScripts/install_postBuildPhase.make$CONFIGURATION all";
			showEnvVarsInLog = 0;
		};
		D27D07A5A8254292A42681C3 = {
			isa = PBXShellScriptBuildPhase;
			buildActionMask = 2147483647;
			files = (
			);
			inputPaths = (
			);
			outputPaths = (
			);
			runOnlyForDeploymentPostprocessing = 0;
			shellPath = /bin/sh;
			shellScript = "# shell script goes here
exit 0";
			showEnvVarsInLog = 0;
		};
		F7CC9577F55E4335B6A5E6A8 /* CMake Rules */ = {
			isa = PBXShellScriptBuildPhase;
			buildActionMask = 2147483647;
			files = (
			);
			name = "CMake Rules";
			runOnlyForDeploymentPostprocessing = 0;
			shellPath = /bin/sh;
			shellScript = "make -C /Users/niko/Documents/Courses/C++/Course_C/HelloWorld -f /Users/niko/Documents/Courses/C++/Course_C/HelloWorld/CMakeScripts/ALL_BUILD_cmakeRulesBuildPhase.make$CONFIGURATION all";
			showEnvVarsInLog = 0;
		};
/* End PBXShellScriptBuildPhase section */

/* Begin PBXSourcesBuildPhase section */
		FDE3333408E041E0AA89D6E4 /* Sources */ = {
			isa = PBXSourcesBuildPhase;
			buildActionMask = 2147483647;
			files = (
				CDE72A7A95D14278AF94FD0E /* /Users/niko/Documents/Courses/C++/Course_C/HelloWorld/src/HelloWorld.cpp */,
			);
			runOnlyForDeploymentPostprocessing = 0;
		};
/* End PBXSourcesBuildPhase section */

/* Begin PBXTargetDependency section */
		228CA25DB9574F2F90E5D337 /* PBXTargetDependency */ = {
			isa = PBXTargetDependency;
			target = 382E217B334C4BE9916664FB /* ALL_BUILD */;
			targetProxy = 9F71E00AA4304F309AB1DDE2 /* PBXContainerItemProxy */;
		};
		28C6CB4EEB594548AF098AF6 /* PBXTargetDependency */ = {
			isa = PBXTargetDependency;
			target = 3899646570494F43A9220715 /* ZERO_CHECK */;
			targetProxy = 4921EF77D7F44FD0B7220E6D /* PBXContainerItemProxy */;
		};
		5B1F8355AF764FB3A5BA7C53 /* PBXTargetDependency */ = {
			isa = PBXTargetDependency;
			target = 8482296FF7C34BBF8908CCCC /* helloWorld */;
			targetProxy = E8C2E6785F8940BE9FF8E41F /* PBXContainerItemProxy */;
		};
		AF001203FD93454DB77F9C03 /* PBXTargetDependency */ = {
			isa = PBXTargetDependency;
			target = 3899646570494F43A9220715 /* ZERO_CHECK */;
			targetProxy = E7A374C856AA435C82736CA7 /* PBXContainerItemProxy */;
		};
/* End PBXTargetDependency section */

/* Begin XCBuildConfiguration section */
		0127385739A6415E8D5F07DF /* Release */ = {
			isa = XCBuildConfiguration;
			buildSettings = {
				COMBINE_HIDPI_IMAGES = YES;
				GCC_GENERATE_DEBUGGING_SYMBOLS = YES;
				GCC_INLINES_ARE_PRIVATE_EXTERN = NO;
				GCC_OPTIMIZATION_LEVEL = 0;
				GCC_PREPROCESSOR_DEFINITIONS = ("'CMAKE_INTDIR=\"$(CONFIGURATION)$(EFFECTIVE_PLATFORM_NAME)\"'");
				GCC_SYMBOLS_PRIVATE_EXTERN = NO;
				INSTALL_PATH = "";
				OTHER_LDFLAGS = " ";
				OTHER_REZFLAGS = "";
				PRODUCT_NAME = ALL_BUILD;
				SECTORDER_FLAGS = "";
				SYMROOT = "/Users/niko/Documents/Courses/C++/Course_C/HelloWorld";
				USE_HEADERMAP = NO;
				WARNING_CFLAGS = ("-Wmost","-Wno-four-char-constants","-Wno-unknown-pragmas","$(inherited)");
			};
			name = Release;
		};
		0F7B9E56EAEA41E99861AB71 /* RelWithDebInfo */ = {
			isa = XCBuildConfiguration;
			buildSettings = {
				COMBINE_HIDPI_IMAGES = YES;
				GCC_GENERATE_DEBUGGING_SYMBOLS = YES;
				GCC_INLINES_ARE_PRIVATE_EXTERN = NO;
				GCC_OPTIMIZATION_LEVEL = 0;
				GCC_PREPROCESSOR_DEFINITIONS = ("'CMAKE_INTDIR=\"$(CONFIGURATION)$(EFFECTIVE_PLATFORM_NAME)\"'");
				GCC_SYMBOLS_PRIVATE_EXTERN = NO;
				INSTALL_PATH = "";
				OTHER_LDFLAGS = " ";
				OTHER_REZFLAGS = "";
				PRODUCT_NAME = ALL_BUILD;
				SECTORDER_FLAGS = "";
				SYMROOT = "/Users/niko/Documents/Courses/C++/Course_C/HelloWorld";
				USE_HEADERMAP = NO;
				WARNING_CFLAGS = ("-Wmost","-Wno-four-char-constants","-Wno-unknown-pragmas","$(inherited)");
			};
			name = RelWithDebInfo;
		};
		390E2A64BCCA45388986902D /* Debug */ = {
			isa = XCBuildConfiguration;
			buildSettings = {
				COMBINE_HIDPI_IMAGES = YES;
				GCC_GENERATE_DEBUGGING_SYMBOLS = YES;
				GCC_INLINES_ARE_PRIVATE_EXTERN = NO;
				GCC_OPTIMIZATION_LEVEL = 0;
				GCC_PREPROCESSOR_DEFINITIONS = ("'CMAKE_INTDIR=\"$(CONFIGURATION)$(EFFECTIVE_PLATFORM_NAME)\"'");
				GCC_SYMBOLS_PRIVATE_EXTERN = NO;
				INSTALL_PATH = "";
				OTHER_LDFLAGS = " ";
				OTHER_REZFLAGS = "";
				PRODUCT_NAME = ZERO_CHECK;
				SECTORDER_FLAGS = "";
				SYMROOT = "/Users/niko/Documents/Courses/C++/Course_C/HelloWorld";
				USE_HEADERMAP = NO;
				WARNING_CFLAGS = ("-Wmost","-Wno-four-char-constants","-Wno-unknown-pragmas","$(inherited)");
			};
			name = Debug;
		};
		3F295D307F2645EAA22BEFBB /* RelWithDebInfo */ = {
			isa = XCBuildConfiguration;
			buildSettings = {
				COMBINE_HIDPI_IMAGES = YES;
				GCC_GENERATE_DEBUGGING_SYMBOLS = YES;
				GCC_INLINES_ARE_PRIVATE_EXTERN = NO;
				GCC_OPTIMIZATION_LEVEL = 0;
				GCC_PREPROCESSOR_DEFINITIONS = ("'CMAKE_INTDIR=\"$(CONFIGURATION)$(EFFECTIVE_PLATFORM_NAME)\"'");
				GCC_SYMBOLS_PRIVATE_EXTERN = NO;
				INSTALL_PATH = "";
				OTHER_LDFLAGS = " ";
				OTHER_REZFLAGS = "";
				PRODUCT_NAME = install;
				SECTORDER_FLAGS = "";
				SYMROOT = "/Users/niko/Documents/Courses/C++/Course_C/HelloWorld";
				USE_HEADERMAP = NO;
				WARNING_CFLAGS = ("-Wmost","-Wno-four-char-constants","-Wno-unknown-pragmas","$(inherited)");
			};
			name = RelWithDebInfo;
		};
		45CB167B3461437CAE61F91A /* MinSizeRel */ = {
			isa = XCBuildConfiguration;
			buildSettings = {
				COMBINE_HIDPI_IMAGES = YES;
				GCC_GENERATE_DEBUGGING_SYMBOLS = YES;
				GCC_INLINES_ARE_PRIVATE_EXTERN = NO;
				GCC_OPTIMIZATION_LEVEL = 0;
				GCC_PREPROCESSOR_DEFINITIONS = ("'CMAKE_INTDIR=\"$(CONFIGURATION)$(EFFECTIVE_PLATFORM_NAME)\"'");
				GCC_SYMBOLS_PRIVATE_EXTERN = NO;
				INSTALL_PATH = "";
				OTHER_LDFLAGS = " ";
				OTHER_REZFLAGS = "";
				PRODUCT_NAME = ZERO_CHECK;
				SECTORDER_FLAGS = "";
				SYMROOT = "/Users/niko/Documents/Courses/C++/Course_C/HelloWorld";
				USE_HEADERMAP = NO;
				WARNING_CFLAGS = ("-Wmost","-Wno-four-char-constants","-Wno-unknown-pragmas","$(inherited)");
			};
			name = MinSizeRel;
		};
		52F1629DCA8F4E278C4B5018 /* Release */ = {
			isa = XCBuildConfiguration;
			buildSettings = {
				COMBINE_HIDPI_IMAGES = YES;
				GCC_GENERATE_DEBUGGING_SYMBOLS = YES;
				GCC_INLINES_ARE_PRIVATE_EXTERN = NO;
				GCC_OPTIMIZATION_LEVEL = 0;
				GCC_PREPROCESSOR_DEFINITIONS = ("'CMAKE_INTDIR=\"$(CONFIGURATION)$(EFFECTIVE_PLATFORM_NAME)\"'");
				GCC_SYMBOLS_PRIVATE_EXTERN = NO;
				INSTALL_PATH = "";
				OTHER_LDFLAGS = " ";
				OTHER_REZFLAGS = "";
				PRODUCT_NAME = ZERO_CHECK;
				SECTORDER_FLAGS = "";
				SYMROOT = "/Users/niko/Documents/Courses/C++/Course_C/HelloWorld";
				USE_HEADERMAP = NO;
				WARNING_CFLAGS = ("-Wmost","-Wno-four-char-constants","-Wno-unknown-pragmas","$(inherited)");
			};
			name = Release;
		};
		5D1518BD79C8417DA69DF942 /* Debug */ = {
			isa = XCBuildConfiguration;
			buildSettings = {
				COMBINE_HIDPI_IMAGES = YES;
				EXECUTABLE_PREFIX = "";
				EXECUTABLE_SUFFIX = "";
				GCC_GENERATE_DEBUGGING_SYMBOLS = YES;
				GCC_INLINES_ARE_PRIVATE_EXTERN = NO;
				GCC_OPTIMIZATION_LEVEL = 0;
				GCC_PREPROCESSOR_DEFINITIONS = ("'CMAKE_INTDIR=\"$(CONFIGURATION)$(EFFECTIVE_PLATFORM_NAME)\"'");
				GCC_SYMBOLS_PRIVATE_EXTERN = NO;
				INSTALL_PATH = "";
				LIBRARY_SEARCH_PATHS = "";
				OTHER_CPLUSPLUSFLAGS = "    ";
				OTHER_LDFLAGS = " -Wl,-search_paths_first -Wl,-headerpad_max_install_names  ";
				OTHER_REZFLAGS = "";
				PRODUCT_NAME = helloWorld;
				SECTORDER_FLAGS = "";
				SYMROOT = "/Users/niko/Documents/Courses/C++/Course_C/HelloWorld";
				USE_HEADERMAP = NO;
				WARNING_CFLAGS = ("-Wmost","-Wno-four-char-constants","-Wno-unknown-pragmas","$(inherited)");
			};
			name = Debug;
		};
		69828CB1EF2940CCB0C05ACC /* Release */ = {
			isa = XCBuildConfiguration;
			buildSettings = {
				COMBINE_HIDPI_IMAGES = YES;
				EXECUTABLE_PREFIX = "";
				EXECUTABLE_SUFFIX = "";
				GCC_GENERATE_DEBUGGING_SYMBOLS = NO;
				GCC_INLINES_ARE_PRIVATE_EXTERN = NO;
				GCC_OPTIMIZATION_LEVEL = 3;
				GCC_PREPROCESSOR_DEFINITIONS = ("'CMAKE_INTDIR=\"$(CONFIGURATION)$(EFFECTIVE_PLATFORM_NAME)\"'");
				GCC_SYMBOLS_PRIVATE_EXTERN = NO;
				INSTALL_PATH = "";
				LIBRARY_SEARCH_PATHS = "";
				OTHER_CPLUSPLUSFLAGS = "    -DNDEBUG  ";
				OTHER_LDFLAGS = " -Wl,-search_paths_first -Wl,-headerpad_max_install_names  ";
				OTHER_REZFLAGS = "";
				PRODUCT_NAME = helloWorld;
				SECTORDER_FLAGS = "";
				SYMROOT = "/Users/niko/Documents/Courses/C++/Course_C/HelloWorld";
				USE_HEADERMAP = NO;
				WARNING_CFLAGS = ("-Wmost","-Wno-four-char-constants","-Wno-unknown-pragmas","$(inherited)");
			};
			name = Release;
		};
		72656E30CD7F4A179A597050 /* MinSizeRel */ = {
			isa = XCBuildConfiguration;
			buildSettings = {
				COMBINE_HIDPI_IMAGES = YES;
				EXECUTABLE_PREFIX = "";
				EXECUTABLE_SUFFIX = "";
				GCC_GENERATE_DEBUGGING_SYMBOLS = NO;
				GCC_INLINES_ARE_PRIVATE_EXTERN = NO;
				GCC_OPTIMIZATION_LEVEL = s;
				GCC_PREPROCESSOR_DEFINITIONS = ("'CMAKE_INTDIR=\"$(CONFIGURATION)$(EFFECTIVE_PLATFORM_NAME)\"'");
				GCC_SYMBOLS_PRIVATE_EXTERN = NO;
				INSTALL_PATH = "";
				LIBRARY_SEARCH_PATHS = "";
				OTHER_CPLUSPLUSFLAGS = "    -DNDEBUG  ";
				OTHER_LDFLAGS = " -Wl,-search_paths_first -Wl,-headerpad_max_install_names  ";
				OTHER_REZFLAGS = "";
				PRODUCT_NAME = helloWorld;
				SECTORDER_FLAGS = "";
				SYMROOT = "/Users/niko/Documents/Courses/C++/Course_C/HelloWorld";
				USE_HEADERMAP = NO;
				WARNING_CFLAGS = ("-Wmost","-Wno-four-char-constants","-Wno-unknown-pragmas","$(inherited)");
			};
			name = MinSizeRel;
		};
		7D88CF2D58AD4B6EBD9A64B2 /* Debug */ = {
			isa = XCBuildConfiguration;
			buildSettings = {
				COMBINE_HIDPI_IMAGES = YES;
				GCC_GENERATE_DEBUGGING_SYMBOLS = YES;
				GCC_INLINES_ARE_PRIVATE_EXTERN = NO;
				GCC_OPTIMIZATION_LEVEL = 0;
				GCC_PREPROCESSOR_DEFINITIONS = ("'CMAKE_INTDIR=\"$(CONFIGURATION)$(EFFECTIVE_PLATFORM_NAME)\"'");
				GCC_SYMBOLS_PRIVATE_EXTERN = NO;
				INSTALL_PATH = "";
				OTHER_LDFLAGS = " ";
				OTHER_REZFLAGS = "";
				PRODUCT_NAME = install;
				SECTORDER_FLAGS = "";
				SYMROOT = "/Users/niko/Documents/Courses/C++/Course_C/HelloWorld";
				USE_HEADERMAP = NO;
				WARNING_CFLAGS = ("-Wmost","-Wno-four-char-constants","-Wno-unknown-pragmas","$(inherited)");
			};
			name = Debug;
		};
		A089BC3699544865BD350F37 /* Debug */ = {
			isa = XCBuildConfiguration;
			buildSettings = {
				ONLY_ACTIVE_ARCH = YES;
				SDKROOT = /Applications/Xcode.app/Contents/Developer/Platforms/MacOSX.platform/Developer/SDKs/MacOSX10.12.sdk;
				SYMROOT = "/Users/niko/Documents/Courses/C++/Course_C/HelloWorld/build";
			};
			name = Debug;
		};
		AA0BBFA1E5C94422A4F4C624 /* Debug */ = {
			isa = XCBuildConfiguration;
			buildSettings = {
				COMBINE_HIDPI_IMAGES = YES;
				GCC_GENERATE_DEBUGGING_SYMBOLS = YES;
				GCC_INLINES_ARE_PRIVATE_EXTERN = NO;
				GCC_OPTIMIZATION_LEVEL = 0;
				GCC_PREPROCESSOR_DEFINITIONS = ("'CMAKE_INTDIR=\"$(CONFIGURATION)$(EFFECTIVE_PLATFORM_NAME)\"'");
				GCC_SYMBOLS_PRIVATE_EXTERN = NO;
				INSTALL_PATH = "";
				OTHER_LDFLAGS = " ";
				OTHER_REZFLAGS = "";
				PRODUCT_NAME = ALL_BUILD;
				SECTORDER_FLAGS = "";
				SYMROOT = "/Users/niko/Documents/Courses/C++/Course_C/HelloWorld";
				USE_HEADERMAP = NO;
				WARNING_CFLAGS = ("-Wmost","-Wno-four-char-constants","-Wno-unknown-pragmas","$(inherited)");
			};
			name = Debug;
		};
		AFDB03E096084CB6ACC636EC /* Release */ = {
			isa = XCBuildConfiguration;
			buildSettings = {
				COMBINE_HIDPI_IMAGES = YES;
				GCC_GENERATE_DEBUGGING_SYMBOLS = YES;
				GCC_INLINES_ARE_PRIVATE_EXTERN = NO;
				GCC_OPTIMIZATION_LEVEL = 0;
				GCC_PREPROCESSOR_DEFINITIONS = ("'CMAKE_INTDIR=\"$(CONFIGURATION)$(EFFECTIVE_PLATFORM_NAME)\"'");
				GCC_SYMBOLS_PRIVATE_EXTERN = NO;
				INSTALL_PATH = "";
				OTHER_LDFLAGS = " ";
				OTHER_REZFLAGS = "";
				PRODUCT_NAME = install;
				SECTORDER_FLAGS = "";
				SYMROOT = "/Users/niko/Documents/Courses/C++/Course_C/HelloWorld";
				USE_HEADERMAP = NO;
				WARNING_CFLAGS = ("-Wmost","-Wno-four-char-constants","-Wno-unknown-pragmas","$(inherited)");
			};
			name = Release;
		};
		B2C37B9662A543069947BBF2 /* RelWithDebInfo */ = {
			isa = XCBuildConfiguration;
			buildSettings = {
				COMBINE_HIDPI_IMAGES = YES;
				GCC_GENERATE_DEBUGGING_SYMBOLS = YES;
				GCC_INLINES_ARE_PRIVATE_EXTERN = NO;
				GCC_OPTIMIZATION_LEVEL = 0;
				GCC_PREPROCESSOR_DEFINITIONS = ("'CMAKE_INTDIR=\"$(CONFIGURATION)$(EFFECTIVE_PLATFORM_NAME)\"'");
				GCC_SYMBOLS_PRIVATE_EXTERN = NO;
				INSTALL_PATH = "";
				OTHER_LDFLAGS = " ";
				OTHER_REZFLAGS = "";
				PRODUCT_NAME = ZERO_CHECK;
				SECTORDER_FLAGS = "";
				SYMROOT = "/Users/niko/Documents/Courses/C++/Course_C/HelloWorld";
				USE_HEADERMAP = NO;
				WARNING_CFLAGS = ("-Wmost","-Wno-four-char-constants","-Wno-unknown-pragmas","$(inherited)");
			};
			name = RelWithDebInfo;
		};
		C4E1D3083F514B7280F1D632 /* MinSizeRel */ = {
			isa = XCBuildConfiguration;
			buildSettings = {
				ONLY_ACTIVE_ARCH = YES;
				SDKROOT = /Applications/Xcode.app/Contents/Developer/Platforms/MacOSX.platform/Developer/SDKs/MacOSX10.12.sdk;
				SYMROOT = "/Users/niko/Documents/Courses/C++/Course_C/HelloWorld/build";
			};
			name = MinSizeRel;
		};
		C9BC815DDD964353A9214405 /* MinSizeRel */ = {
			isa = XCBuildConfiguration;
			buildSettings = {
				COMBINE_HIDPI_IMAGES = YES;
				GCC_GENERATE_DEBUGGING_SYMBOLS = YES;
				GCC_INLINES_ARE_PRIVATE_EXTERN = NO;
				GCC_OPTIMIZATION_LEVEL = 0;
				GCC_PREPROCESSOR_DEFINITIONS = ("'CMAKE_INTDIR=\"$(CONFIGURATION)$(EFFECTIVE_PLATFORM_NAME)\"'");
				GCC_SYMBOLS_PRIVATE_EXTERN = NO;
				INSTALL_PATH = "";
				OTHER_LDFLAGS = " ";
				OTHER_REZFLAGS = "";
				PRODUCT_NAME = ALL_BUILD;
				SECTORDER_FLAGS = "";
				SYMROOT = "/Users/niko/Documents/Courses/C++/Course_C/HelloWorld";
				USE_HEADERMAP = NO;
				WARNING_CFLAGS = ("-Wmost","-Wno-four-char-constants","-Wno-unknown-pragmas","$(inherited)");
			};
			name = MinSizeRel;
		};
		D3623050145E4402BBBEE16C /* RelWithDebInfo */ = {
			isa = XCBuildConfiguration;
			buildSettings = {
				ONLY_ACTIVE_ARCH = YES;
				SDKROOT = /Applications/Xcode.app/Contents/Developer/Platforms/MacOSX.platform/Developer/SDKs/MacOSX10.12.sdk;
				SYMROOT = "/Users/niko/Documents/Courses/C++/Course_C/HelloWorld/build";
			};
			name = RelWithDebInfo;
		};
		DC958E3ED0734B9D8C34B1CB /* Release */ = {
			isa = XCBuildConfiguration;
			buildSettings = {
				ONLY_ACTIVE_ARCH = YES;
				SDKROOT = /Applications/Xcode.app/Contents/Developer/Platforms/MacOSX.platform/Developer/SDKs/MacOSX10.12.sdk;
				SYMROOT = "/Users/niko/Documents/Courses/C++/Course_C/HelloWorld/build";
			};
			name = Release;
		};
		F1CC4C79C8404B4BB6E5D0BA /* RelWithDebInfo */ = {
			isa = XCBuildConfiguration;
			buildSettings = {
				COMBINE_HIDPI_IMAGES = YES;
				EXECUTABLE_PREFIX = "";
				EXECUTABLE_SUFFIX = "";
				GCC_GENERATE_DEBUGGING_SYMBOLS = YES;
				GCC_INLINES_ARE_PRIVATE_EXTERN = NO;
				GCC_OPTIMIZATION_LEVEL = 2;
				GCC_PREPROCESSOR_DEFINITIONS = ("'CMAKE_INTDIR=\"$(CONFIGURATION)$(EFFECTIVE_PLATFORM_NAME)\"'");
				GCC_SYMBOLS_PRIVATE_EXTERN = NO;
				INSTALL_PATH = "";
				LIBRARY_SEARCH_PATHS = "";
				OTHER_CPLUSPLUSFLAGS = "       -DNDEBUG  ";
				OTHER_LDFLAGS = " -Wl,-search_paths_first -Wl,-headerpad_max_install_names  ";
				OTHER_REZFLAGS = "";
				PRODUCT_NAME = helloWorld;
				SECTORDER_FLAGS = "";
				SYMROOT = "/Users/niko/Documents/Courses/C++/Course_C/HelloWorld";
				USE_HEADERMAP = NO;
				WARNING_CFLAGS = ("-Wmost","-Wno-four-char-constants","-Wno-unknown-pragmas","$(inherited)");
			};
			name = RelWithDebInfo;
		};
		FDEDC45DA6424A7DA2174E3A /* MinSizeRel */ = {
			isa = XCBuildConfiguration;
			buildSettings = {
				COMBINE_HIDPI_IMAGES = YES;
				GCC_GENERATE_DEBUGGING_SYMBOLS = YES;
				GCC_INLINES_ARE_PRIVATE_EXTERN = NO;
				GCC_OPTIMIZATION_LEVEL = 0;
				GCC_PREPROCESSOR_DEFINITIONS = ("'CMAKE_INTDIR=\"$(CONFIGURATION)$(EFFECTIVE_PLATFORM_NAME)\"'");
				GCC_SYMBOLS_PRIVATE_EXTERN = NO;
				INSTALL_PATH = "";
				OTHER_LDFLAGS = " ";
				OTHER_REZFLAGS = "";
				PRODUCT_NAME = install;
				SECTORDER_FLAGS = "";
				SYMROOT = "/Users/niko/Documents/Courses/C++/Course_C/HelloWorld";
				USE_HEADERMAP = NO;
				WARNING_CFLAGS = ("-Wmost","-Wno-four-char-constants","-Wno-unknown-pragmas","$(inherited)");
			};
			name = MinSizeRel;
		};
/* End XCBuildConfiguration section */

/* Begin XCConfigurationList section */
		1F978A1E725047C29AFB651F /* Build configuration list for PBXAggregateTarget "install" */ = {
			isa = XCConfigurationList;
			buildConfigurations = (
				7D88CF2D58AD4B6EBD9A64B2 /* Debug */,
				AFDB03E096084CB6ACC636EC /* Release */,
				FDEDC45DA6424A7DA2174E3A /* MinSizeRel */,
				3F295D307F2645EAA22BEFBB /* RelWithDebInfo */,
			);
			defaultConfigurationIsVisible = 0;
			defaultConfigurationName = Debug;
		};
		2F41B1AD91694E3E8D3DED9A /* Build configuration list for PBXNativeTarget "helloWorld" */ = {
			isa = XCConfigurationList;
			buildConfigurations = (
				5D1518BD79C8417DA69DF942 /* Debug */,
				69828CB1EF2940CCB0C05ACC /* Release */,
				72656E30CD7F4A179A597050 /* MinSizeRel */,
				F1CC4C79C8404B4BB6E5D0BA /* RelWithDebInfo */,
			);
			defaultConfigurationIsVisible = 0;
			defaultConfigurationName = Debug;
		};
		787186C065294879966B03DA /* Build configuration list for PBXAggregateTarget "ALL_BUILD" */ = {
			isa = XCConfigurationList;
			buildConfigurations = (
				AA0BBFA1E5C94422A4F4C624 /* Debug */,
				0127385739A6415E8D5F07DF /* Release */,
				C9BC815DDD964353A9214405 /* MinSizeRel */,
				0F7B9E56EAEA41E99861AB71 /* RelWithDebInfo */,
			);
			defaultConfigurationIsVisible = 0;
			defaultConfigurationName = Debug;
		};
		E37833809A324174ACFBE437 /* Build configuration list for PBXProject "HelloWorld" */ = {
			isa = XCConfigurationList;
			buildConfigurations = (
				A089BC3699544865BD350F37 /* Debug */,
				DC958E3ED0734B9D8C34B1CB /* Release */,
				C4E1D3083F514B7280F1D632 /* MinSizeRel */,
				D3623050145E4402BBBEE16C /* RelWithDebInfo */,
			);
			defaultConfigurationIsVisible = 0;
			defaultConfigurationName = Debug;
		};
		E52F4DE4D0A4423EB94FA4BD /* Build configuration list for PBXAggregateTarget "ZERO_CHECK" */ = {
			isa = XCConfigurationList;
			buildConfigurations = (
				390E2A64BCCA45388986902D /* Debug */,
				52F1629DCA8F4E278C4B5018 /* Release */,
				45CB167B3461437CAE61F91A /* MinSizeRel */,
				B2C37B9662A543069947BBF2 /* RelWithDebInfo */,
			);
			defaultConfigurationIsVisible = 0;
			defaultConfigurationName = Debug;
		};
/* End XCConfigurationList section */
	};
	rootObject = FC8E4960CBA54566B5025716 /* Project object */;
}
